
Microsoft Visual Studio Solution File, Format Version 12.00
# Visual Studio Version 17
VisualStudioVersion = 17.14.36518.9 d17.14
MinimumVisualStudioVersion = 10.0.40219.1
Project("{FAE04EC0-301F-11D3-BF4B-00C04F79EFBC}") = "FlappyBird", "FlappyBird\FlappyBird.csproj", "{FECC8C4C-4B17-4F38-ACD2-7EFC7266CC9E}"
EndProject
Global
	GlobalSection(SolutionConfigurationPlatforms) = preSolution
		Debug|Any CPU = Debug|Any CPU
		Release|Any CPU = Release|Any CPU
	EndGlobalSection
	GlobalSection(ProjectConfigurationPlatforms) = postSolution
		{FECC8C4C-4B17-4F38-ACD2-7EFC7266CC9E}.Debug|Any CPU.ActiveCfg = Debug|Any CPU
		{FECC8C4C-4B17-4F38-ACD2-7EFC7266CC9E}.Debug|Any CPU.Build.0 = Debug|Any CPU
		{FECC8C4C-4B17-4F38-ACD2-7EFC7266CC9E}.Release|Any CPU.ActiveCfg = Release|Any CPU
		{FECC8C4C-4B17-4F38-ACD2-7EFC7266CC9E}.Release|Any CPU.Build.0 = Release|Any CPU
	EndGlobalSection
	GlobalSection(SolutionProperties) = preSolution
		HideSolutionNode = FALSE
	EndGlobalSection
	GlobalSection(ExtensibilityGlobals) = postSolution
		SolutionGuid = {24684F34-E4CF-42B6-88EB-491CED9A507B}
	EndGlobalSection
EndGlobal
